{
  "requires": true,
  "lockfileVersion": 1,
  "dependencies": {
    "@types/node": {
      "version": "14.11.8",
      "resolved": "https://registry.npmjs.org/@types/node/-/node-14.11.8.tgz",
      "integrity": "sha512-KPcKqKm5UKDkaYPTuXSx8wEP7vE9GnuaXIZKijwRYcePpZFDVuy2a57LarFKiORbHOuTOOwYzxVxcUzsh2P2Pw=="
    },
    "@types/papaparse": {
      "version": "5.2.3",
      "resolved": "https://registry.npmjs.org/@types/papaparse/-/papaparse-5.2.3.tgz",
      "integrity": "sha512-7+VJ1qEn7YRxH2MI/P6EnGMjkArU+uXRBJIpOJIGE+MGySFtLysyCr+EUwxnw6NsSfkXiHiDmaeka1Dpa7jrrw==",
      "requires": {
        "@types/node": "*"
      }
    },
    "papaparse": {
      "version": "5.3.0",
      "resolved": "https://registry.npmjs.org/papaparse/-/papaparse-5.3.0.tgz",
      "integrity": "sha512-Lb7jN/4bTpiuGPrYy4tkKoUS8sTki8zacB5ke1p5zolhcSE4TlWgrlsxjrDTbG/dFVh07ck7X36hUf/b5V68pg=="
    },
    "react-papaparse": {
      "version": "3.8.0",
      "resolved": "https://registry.npmjs.org/react-papaparse/-/react-papaparse-3.8.0.tgz",
      "integrity": "sha512-JAzUIiUUOTrkyl1xbKp2jqEC1azs7pqCcVp4jC2DymvYF/bNQ1L09o9B3DJn18tAPfrBw+YLOrhWead5xLWdgA==",
      "requires": {
        "@types/papaparse": "^5.0.4",
        "papaparse": "^5.2.0"
      }
    }
  }
}
